
Microsoft Visual Studio Solution File, Format Version 12.00
# Visual Studio Version 17
VisualStudioVersion = 17.11.35208.52
MinimumVisualStudioVersion = 10.0.40219.1
Project("{FAE04EC0-301F-11D3-BF4B-00C04F79EFBC}") = "gitnjda", "gitnjda\gitnjda.csproj", "{C2D911AD-5F1F-48E8-A33C-A0060B30C15D}"
EndProject
Global
	GlobalSection(SolutionConfigurationPlatforms) = preSolution
		Debug|Any CPU = Debug|Any CPU
		Release|Any CPU = Release|Any CPU
	EndGlobalSection
	GlobalSection(ProjectConfigurationPlatforms) = postSolution
		{C2D911AD-5F1F-48E8-A33C-A0060B30C15D}.Debug|Any CPU.ActiveCfg = Debug|Any CPU
		{C2D911AD-5F1F-48E8-A33C-A0060B30C15D}.Debug|Any CPU.Build.0 = Debug|Any CPU
		{C2D911AD-5F1F-48E8-A33C-A0060B30C15D}.Debug|Any CPU.Deploy.0 = Debug|Any CPU
		{C2D911AD-5F1F-48E8-A33C-A0060B30C15D}.Release|Any CPU.ActiveCfg = Release|Any CPU
		{C2D911AD-5F1F-48E8-A33C-A0060B30C15D}.Release|Any CPU.Build.0 = Release|Any CPU
		{C2D911AD-5F1F-48E8-A33C-A0060B30C15D}.Release|Any CPU.Deploy.0 = Release|Any CPU
	EndGlobalSection
	GlobalSection(SolutionProperties) = preSolution
		HideSolutionNode = FALSE
	EndGlobalSection
	GlobalSection(ExtensibilityGlobals) = postSolution
		SolutionGuid = {3B061DA1-F754-40D8-A172-AE0847335ADF}
	EndGlobalSection
EndGlobal
